// !$*UTF8*$!
{
	archiveVersion = 1;
	classes = {
	};
	objectVersion = 46;
	objects = {

/* Begin PBXBuildFile section */
		86DA25E523CFD368003C9A94 /* AppDelegate.swift in Sources */ = {isa = PBXBuildFile; fileRef = 86DA25E423CFD368003C9A94 /* AppDelegate.swift */; };
		86DA25E723CFD368003C9A94 /* ViewController.swift in Sources */ = {isa = PBXBuildFile; fileRef = 86DA25E623CFD368003C9A94 /* ViewController.swift */; };
		86DA25EA23CFD368003C9A94 /* Main.storyboard in Resources */ = {isa = PBXBuildFile; fileRef = 86DA25E823CFD368003C9A94 /* Main.storyboard */; };
		86DA25EC23CFD368003C9A94 /* Assets.xcassets in Resources */ = {isa = PBXBuildFile; fileRef = 86DA25EB23CFD368003C9A94 /* Assets.xcassets */; };
		86DA25EF23CFD368003C9A94 /* LaunchScreen.storyboard in Resources */ = {isa = PBXBuildFile; fileRef = 86DA25ED23CFD368003C9A94 /* LaunchScreen.storyboard */; };
		86DA25FA23CFD369003C9A94 /* Tip_CalculatorTests.swift in Sources */ = {isa = PBXBuildFile; fileRef = 86DA25F923CFD369003C9A94 /* Tip_CalculatorTests.swift */; };
		86DA260523CFD369003C9A94 /* Tip_CalculatorUITests.swift in Sources */ = {isa = PBXBuildFile; fileRef = 86DA260423CFD369003C9A94 /* Tip_CalculatorUITests.swift */; };
/* End PBXBuildFile section */

/* Begin PBXContainerItemProxy section */
		86DA25F623CFD369003C9A94 /* PBXContainerItemProxy */ = {
			isa = PBXContainerItemProxy;
			containerPortal = 86DA25D923CFD368003C9A94 /* Project object */;
			proxyType = 1;
			remoteGlobalIDString = 86DA25E023CFD368003C9A94;
			remoteInfo = "Tip Calculator";
		};
		86DA260123CFD369003C9A94 /* PBXContainerItemProxy */ = {
			isa = PBXContainerItemProxy;
			containerPortal = 86DA25D923CFD368003C9A94 /* Project object */;
			proxyType = 1;
			remoteGlobalIDString = 86DA25E023CFD368003C9A94;
			remoteInfo = "Tip Calculator";
		};
/* End PBXContainerItemProxy section */

/* Begin PBXFileReference section */
		86DA25E123CFD368003C9A94 /* Tip Calculator.app */ = {isa = PBXFileReference; explicitFileType = wrapper.application; includeInIndex = 0; path = "Tip Calculator.app"; sourceTree = BUILT_PRODUCTS_DIR; };
		86DA25E423CFD368003C9A94 /* AppDelegate.swift */ = {isa = PBXFileReference; lastKnownFileType = sourcecode.swift; path = AppDelegate.swift; sourceTree = "<group>"; };
		86DA25E623CFD368003C9A94 /* ViewController.swift */ = {isa = PBXFileReference; lastKnownFileType = sourcecode.swift; path = ViewController.swift; sourceTree = "<group>"; };
		86DA25E923CFD368003C9A94 /* Base */ = {isa = PBXFileReference; lastKnownFileType = file.storyboard; name = Base; path = Base.lproj/Main.storyboard; sourceTree = "<group>"; };
		86DA25EB23CFD368003C9A94 /* Assets.xcassets */ = {isa = PBXFileReference; lastKnownFileType = folder.assetcatalog; path = Assets.xcassets; sourceTree = "<group>"; };
		86DA25EE23CFD368003C9A94 /* Base */ = {isa = PBXFileReference; lastKnownFileType = file.storyboard; name = Base; path = Base.lproj/LaunchScreen.storyboard; sourceTree = "<group>"; };
		86DA25F023CFD368003C9A94 /* Info.plist */ = {isa = PBXFileReference; lastKnownFileType = text.plist.xml; path = Info.plist; sourceTree = "<group>"; };
		86DA25F523CFD369003C9A94 /* Tip CalculatorTests.xctest */ = {isa = PBXFileReference; explicitFileType = wrapper.cfbundle; includeInIndex = 0; path = "Tip CalculatorTests.xctest"; sourceTree = BUILT_PRODUCTS_DIR; };
		86DA25F923CFD369003C9A94 /* Tip_CalculatorTests.swift */ = {isa = PBXFileReference; lastKnownFileType = sourcecode.swift; path = Tip_CalculatorTests.swift; sourceTree = "<group>"; };
		86DA25FB23CFD369003C9A94 /* Info.plist */ = {isa = PBXFileReference; lastKnownFileType = text.plist.xml; path = Info.plist; sourceTree = "<group>"; };
		86DA260023CFD369003C9A94 /* Tip CalculatorUITests.xctest */ = {isa = PBXFileReference; explicitFileType = wrapper.cfbundle; includeInIndex = 0; path = "Tip CalculatorUITests.xctest"; sourceTree = BUILT_PRODUCTS_DIR; };
		86DA260423CFD369003C9A94 /* Tip_CalculatorUITests.swift */ = {isa = PBXFileReference; lastKnownFileType = sourcecode.swift; path = Tip_CalculatorUITests.swift; sourceTree = "<group>"; };
		86DA260623CFD369003C9A94 /* Info.plist */ = {isa = PBXFileReference; lastKnownFileType = text.plist.xml; path = Info.plist; sourceTree = "<group>"; };
/* End PBXFileReference section */

/* Begin PBXFrameworksBuildPhase section */
		86DA25DE23CFD368003C9A94 /* Frameworks */ = {
			isa = PBXFrameworksBuildPhase;
			buildActionMask = 2147483647;
			files = (
			);
			runOnlyForDeploymentPostprocessing = 0;
		};
		86DA25F223CFD369003C9A94 /* Frameworks */ = {
			isa = PBXFrameworksBuildPhase;
			buildActionMask = 2147483647;
			files = (
			);
			runOnlyForDeploymentPostprocessing = 0;
		};
		86DA25FD23CFD369003C9A94 /* Frameworks */ = {
			isa = PBXFrameworksBuildPhase;
			buildActionMask = 2147483647;
			files = (
			);
			runOnlyForDeploymentPostprocessing = 0;
		};
/* End PBXFrameworksBuildPhase section */

/* Begin PBXGroup section */
		86DA25D823CFD368003C9A94 = {
			isa = PBXGroup;
			children = (
				86DA25E323CFD368003C9A94 /* Tip Calculator */,
				86DA25F823CFD369003C9A94 /* Tip CalculatorTests */,
				86DA260323CFD369003C9A94 /* Tip CalculatorUITests */,
				86DA25E223CFD368003C9A94 /* Products */,
			);
			sourceTree = "<group>";
		};
		86DA25E223CFD368003C9A94 /* Products */ = {
			isa = PBXGroup;
			children = (
				86DA25E123CFD368003C9A94 /* Tip Calculator.app */,
				86DA25F523CFD369003C9A94 /* Tip CalculatorTests.xctest */,
				86DA260023CFD369003C9A94 /* Tip CalculatorUITests.xctest */,
			);
			name = Products;
			sourceTree = "<group>";
		};
		86DA25E323CFD368003C9A94 /* Tip Calculator */ = {
			isa = PBXGroup;
			children = (
				86DA25E423CFD368003C9A94 /* AppDelegate.swift */,
				86DA25E623CFD368003C9A94 /* ViewController.swift */,
				86DA25E823CFD368003C9A94 /* Main.storyboard */,
				86DA25EB23CFD368003C9A94 /* Assets.xcassets */,
				86DA25ED23CFD368003C9A94 /* LaunchScreen.storyboard */,
				86DA25F023CFD368003C9A94 /* Info.plist */,
			);
			path = "Tip Calculator";
			sourceTree = "<group>";
		};
		86DA25F823CFD369003C9A94 /* Tip CalculatorTests */ = {
			isa = PBXGroup;
			children = (
				86DA25F923CFD369003C9A94 /* Tip_CalculatorTests.swift */,
				86DA25FB23CFD369003C9A94 /* Info.plist */,
			);
			path = "Tip CalculatorTests";
			sourceTree = "<group>";
		};
		86DA260323CFD369003C9A94 /* Tip CalculatorUITests */ = {
			isa = PBXGroup;
			children = (
				86DA260423CFD369003C9A94 /* Tip_CalculatorUITests.swift */,
				86DA260623CFD369003C9A94 /* Info.plist */,
			);
			path = "Tip CalculatorUITests";
			sourceTree = "<group>";
		};
/* End PBXGroup section */

/* Begin PBXNativeTarget section */
		86DA25E023CFD368003C9A94 /* Tip Calculator */ = {
			isa = PBXNativeTarget;
			buildConfigurationList = 86DA260923CFD369003C9A94 /* Build configuration list for PBXNativeTarget "Tip Calculator" */;
			buildPhases = (
				86DA25DD23CFD368003C9A94 /* Sources */,
				86DA25DE23CFD368003C9A94 /* Frameworks */,
				86DA25DF23CFD368003C9A94 /* Resources */,
			);
			buildRules = (
			);
			dependencies = (
			);
			name = "Tip Calculator";
			productName = "Tip Calculator";
			productReference = 86DA25E123CFD368003C9A94 /* Tip Calculator.app */;
			productType = "com.apple.product-type.application";
		};
		86DA25F423CFD369003C9A94 /* Tip CalculatorTests */ = {
			isa = PBXNativeTarget;
			buildConfigurationList = 86DA260C23CFD369003C9A94 /* Build configuration list for PBXNativeTarget "Tip CalculatorTests" */;
			buildPhases = (
				86DA25F123CFD369003C9A94 /* Sources */,
				86DA25F223CFD369003C9A94 /* Frameworks */,
				86DA25F323CFD369003C9A94 /* Resources */,
			);
			buildRules = (
			);
			dependencies = (
				86DA25F723CFD369003C9A94 /* PBXTargetDependency */,
			);
			name = "Tip CalculatorTests";
			productName = "Tip CalculatorTests";
			productReference = 86DA25F523CFD369003C9A94 /* Tip CalculatorTests.xctest */;
			productType = "com.apple.product-type.bundle.unit-test";
		};
		86DA25FF23CFD369003C9A94 /* Tip CalculatorUITests */ = {
			isa = PBXNativeTarget;
			buildConfigurationList = 86DA260F23CFD369003C9A94 /* Build configuration list for PBXNativeTarget "Tip CalculatorUITests" */;
			buildPhases = (
				86DA25FC23CFD369003C9A94 /* Sources */,
				86DA25FD23CFD369003C9A94 /* Frameworks */,
				86DA25FE23CFD369003C9A94 /* Resources */,
			);
			buildRules = (
			);
			dependencies = (
				86DA260223CFD369003C9A94 /* PBXTargetDependency */,
			);
			name = "Tip CalculatorUITests";
			productName = "Tip CalculatorUITests";
			productReference = 86DA260023CFD369003C9A94 /* Tip CalculatorUITests.xctest */;
			productType = "com.apple.product-type.bundle.ui-testing";
		};
/* End PBXNativeTarget section */

/* Begin PBXProject section */
		86DA25D923CFD368003C9A94 /* Project object */ = {
			isa = PBXProject;
			attributes = {
				LastSwiftUpdateCheck = 0800;
				LastUpgradeCheck = 0800;
				ORGANIZATIONNAME = codepath;
				TargetAttributes = {
					86DA25E023CFD368003C9A94 = {
						CreatedOnToolsVersion = 8.0;
						ProvisioningStyle = Automatic;
					};
					86DA25F423CFD369003C9A94 = {
						CreatedOnToolsVersion = 8.0;
						ProvisioningStyle = Automatic;
						TestTargetID = 86DA25E023CFD368003C9A94;
					};
					86DA25FF23CFD369003C9A94 = {
						CreatedOnToolsVersion = 8.0;
						ProvisioningStyle = Automatic;
						TestTargetID = 86DA25E023CFD368003C9A94;
					};
				};
			};
			buildConfigurationList = 86DA25DC23CFD368003C9A94 /* Build configuration list for PBXProject "Tip Calculator" */;
			compatibilityVersion = "Xcode 3.2";
			developmentRegion = English;
			hasScannedForEncodings = 0;
			knownRegions = (
				en,
				Base,
			);
			mainGroup = 86DA25D823CFD368003C9A94;
			productRefGroup = 86DA25E223CFD368003C9A94 /* Products */;
			projectDirPath = "";
			projectRoot = "";
			targets = (
				86DA25E023CFD368003C9A94 /* Tip Calculator */,
				86DA25F423CFD369003C9A94 /* Tip CalculatorTests */,
				86DA25FF23CFD369003C9A94 /* Tip CalculatorUITests */,
			);
		};
/* End PBXProject section */

/* Begin PBXResourcesBuildPhase section */
		86DA25DF23CFD368003C9A94 /* Resources */ = {
			isa = PBXResourcesBuildPhase;
			buildActionMask = 2147483647;
			files = (
				86DA25EF23CFD368003C9A94 /* LaunchScreen.storyboard in Resources */,
				86DA25EC23CFD368003C9A94 /* Assets.xcassets in Resources */,
				86DA25EA23CFD368003C9A94 /* Main.storyboard in Resources */,
			);
			runOnlyForDeploymentPostprocessing = 0;
		};
		86DA25F323CFD369003C9A94 /* Resources */ = {
			isa = PBXResourcesBuildPhase;
			buildActionMask = 2147483647;
			files = (
			);
			runOnlyForDeploymentPostprocessing = 0;
		};
		86DA25FE23CFD369003C9A94 /* Resources */ = {
			isa = PBXResourcesBuildPhase;
			buildActionMask = 2147483647;
			files = (
			);
			runOnlyForDeploymentPostprocessing = 0;
		};
/* End PBXResourcesBuildPhase section */

/* Begin PBXSourcesBuildPhase section */
		86DA25DD23CFD368003C9A94 /* Sources */ = {
			isa = PBXSourcesBuildPhase;
			buildActionMask = 2147483647;
			files = (
				86DA25E723CFD368003C9A94 /* ViewController.swift in Sources */,
				86DA25E523CFD368003C9A94 /* AppDelegate.swift in Sources */,
			);
			runOnlyForDeploymentPostprocessing = 0;
		};
		86DA25F123CFD369003C9A94 /* Sources */ = {
			isa = PBXSourcesBuildPhase;
			buildActionMask = 2147483647;
			files = (
				86DA25FA23CFD369003C9A94 /* Tip_CalculatorTests.swift in Sources */,
			);
			runOnlyForDeploymentPostprocessing = 0;
		};
		86DA25FC23CFD369003C9A94 /* Sources */ = {
			isa = PBXSourcesBuildPhase;
			buildActionMask = 2147483647;
			files = (
				86DA260523CFD369003C9A94 /* Tip_CalculatorUITests.swift in Sources */,
			);
			runOnlyForDeploymentPostprocessing = 0;
		};
/* End PBXSourcesBuildPhase section */

/* Begin PBXTargetDependency section */
		86DA25F723CFD369003C9A94 /* PBXTargetDependency */ = {
			isa = PBXTargetDependency;
			target = 86DA25E023CFD368003C9A94 /* Tip Calculator */;
			targetProxy = 86DA25F623CFD369003C9A94 /* PBXContainerItemProxy */;
		};
		86DA260223CFD369003C9A94 /* PBXTargetDependency */ = {
			isa = PBXTargetDependency;
			target = 86DA25E023CFD368003C9A94 /* Tip Calculator */;
			targetProxy = 86DA260123CFD369003C9A94 /* PBXContainerItemProxy */;
		};
/* End PBXTargetDependency section */

/* Begin PBXVariantGroup section */
		86DA25E823CFD368003C9A94 /* Main.storyboard */ = {
			isa = PBXVariantGroup;
			children = (
				86DA25E923CFD368003C9A94 /* Base */,
			);
			name = Main.storyboard;
			sourceTree = "<group>";
		};
		86DA25ED23CFD368003C9A94 /* LaunchScreen.storyboard */ = {
			isa = PBXVariantGroup;
			children = (
				86DA25EE23CFD368003C9A94 /* Base */,
			);
			name = LaunchScreen.storyboard;
			sourceTree = "<group>";
		};
/* End PBXVariantGroup section */

/* Begin XCBuildConfiguration section */
		86DA260723CFD369003C9A94 /* Debug */ = {
			isa = XCBuildConfiguration;
			buildSettings = {
				ALWAYS_SEARCH_USER_PATHS = NO;
				CLANG_ANALYZER_NONNULL = YES;
				CLANG_CXX_LANGUAGE_STANDARD = "gnu++0x";
				CLANG_CXX_LIBRARY = "libc++";
				CLANG_ENABLE_MODULES = YES;
				CLANG_ENABLE_OBJC_ARC = YES;
				CLANG_WARN_BOOL_CONVERSION = YES;
				CLANG_WARN_CONSTANT_CONVERSION = YES;
				CLANG_WARN_DIRECT_OBJC_ISA_USAGE = YES_ERROR;
				CLANG_WARN_DOCUMENTATION_COMMENTS = YES;
				CLANG_WARN_EMPTY_BODY = YES;
				CLANG_WARN_ENUM_CONVERSION = YES;
				CLANG_WARN_INFINITE_RECURSION = YES;
				CLANG_WARN_INT_CONVERSION = YES;
				CLANG_WARN_OBJC_ROOT_CLASS = YES_ERROR;
				CLANG_WARN_SUSPICIOUS_MOVES = YES;
				CLANG_WARN_UNREACHABLE_CODE = YES;
				CLANG_WARN__DUPLICATE_METHOD_MATCH = YES;
				"CODE_SIGN_IDENTITY[sdk=iphoneos*]" = "iPhone Developer";
				COPY_PHASE_STRIP = NO;
				DEBUG_INFORMATION_FORMAT = dwarf;
				ENABLE_STRICT_OBJC_MSGSEND = YES;
				ENABLE_TESTABILITY = YES;
				GCC_C_LANGUAGE_STANDARD = gnu99;
				GCC_DYNAMIC_NO_PIC = NO;
				GCC_NO_COMMON_BLOCKS = YES;
				GCC_OPTIMIZATION_LEVEL = 0;
				GCC_PREPROCESSOR_DEFINITIONS = (
					"DEBUG=1",
					"$(inherited)",
				);
				GCC_WARN_64_TO_32_BIT_CONVERSION = YES;
				GCC_WARN_ABOUT_RETURN_TYPE = YES_ERROR;
				GCC_WARN_UNDECLARED_SELECTOR = YES;
				GCC_WARN_UNINITIALIZED_AUTOS = YES_AGGRESSIVE;
				GCC_WARN_UNUSED_FUNCTION = YES;
				GCC_WARN_UNUSED_VARIABLE = YES;
				IPHONEOS_DEPLOYMENT_TARGET = 10.0;
				MTL_ENABLE_DEBUG_INFO = YES;
				ONLY_ACTIVE_ARCH = YES;
				SDKROOT = iphoneos;
				SWIFT_ACTIVE_COMPILATION_CONDITIONS = DEBUG;
				SWIFT_OPTIMIZATION_LEVEL = "-Onone";
				TARGETED_DEVICE_FAMILY = "1,2";
			};
			name = Debug;
		};
		86DA260823CFD369003C9A94 /* Release */ = {
			isa = XCBuildConfiguration;
			buildSettings = {
				ALWAYS_SEARCH_USER_PATHS = NO;
				CLANG_ANALYZER_NONNULL = YES;
				CLANG_CXX_LANGUAGE_STANDARD = "gnu++0x";
				CLANG_CXX_LIBRARY = "libc++";
				CLANG_ENABLE_MODULES = YES;
				CLANG_ENABLE_OBJC_ARC = YES;
				CLANG_WARN_BOOL_CONVERSION = YES;
				CLANG_WARN_CONSTANT_CONVERSION = YES;
				CLANG_WARN_DIRECT_OBJC_ISA_USAGE = YES_ERROR;
				CLANG_WARN_DOCUMENTATION_COMMENTS = YES;
				CLANG_WARN_EMPTY_BODY = YES;
				CLANG_WARN_ENUM_CONVERSION = YES;
				CLANG_WARN_INFINITE_RECURSION = YES;
				CLANG_WARN_INT_CONVERSION = YES;
				CLANG_WARN_OBJC_ROOT_CLASS = YES_ERROR;
				CLANG_WARN_SUSPICIOUS_MOVES = YES;
				CLANG_WARN_UNREACHABLE_CODE = YES;
				CLANG_WARN__DUPLICATE_METHOD_MATCH = YES;
				"CODE_SIGN_IDENTITY[sdk=iphoneos*]" = "iPhone Developer";
				COPY_PHASE_STRIP = NO;
				DEBUG_INFORMATION_FORMAT = "dwarf-with-dsym";
				ENABLE_NS_ASSERTIONS = NO;
				ENABLE_STRICT_OBJC_MSGSEND = YES;
				GCC_C_LANGUAGE_STANDARD = gnu99;
				GCC_NO_COMMON_BLOCKS = YES;
				GCC_WARN_64_TO_32_BIT_CONVERSION = YES;
				GCC_WARN_ABOUT_RETURN_TYPE = YES_ERROR;
				GCC_WARN_UNDECLARED_SELECTOR = YES;
				GCC_WARN_UNINITIALIZED_AUTOS = YES_AGGRESSIVE;
				GCC_WARN_UNUSED_FUNCTION = YES;
				GCC_WARN_UNUSED_VARIABLE = YES;
				IPHONEOS_DEPLOYMENT_TARGET = 10.0;
				MTL_ENABLE_DEBUG_INFO = NO;
				SDKROOT = iphoneos;
				SWIFT_OPTIMIZATION_LEVEL = "-Owholemodule";
				TARGETED_DEVICE_FAMILY = "1,2";
				VALIDATE_PRODUCT = YES;
			};
			name = Release;
		};
		86DA260A23CFD369003C9A94 /* Debug */ = {
			isa = XCBuildConfiguration;
			buildSettings = {
				ASSETCATALOG_COMPILER_APPICON_NAME = AppIcon;
				INFOPLIST_FILE = "Tip Calculator/Info.plist";
				LD_RUNPATH_SEARCH_PATHS = "$(inherited) @executable_path/Frameworks";
				PRODUCT_BUNDLE_IDENTIFIER = "com.codepath.Tip-Calculator";
				PRODUCT_NAME = "$(TARGET_NAME)";
				SWIFT_VERSION = 3.0;
			};
			name = Debug;
		};
		86DA260B23CFD369003C9A94 /* Release */ = {
			isa = XCBuildConfiguration;
			buildSettings = {
				ASSETCATALOG_COMPILER_APPICON_NAME = AppIcon;
				INFOPLIST_FILE = "Tip Calculator/Info.plist";
				LD_RUNPATH_SEARCH_PATHS = "$(inherited) @executable_path/Frameworks";
				PRODUCT_BUNDLE_IDENTIFIER = "com.codepath.Tip-Calculator";
				PRODUCT_NAME = "$(TARGET_NAME)";
				SWIFT_VERSION = 3.0;
			};
			name = Release;
		};
		86DA260D23CFD369003C9A94 /* Debug */ = {
			isa = XCBuildConfiguration;
			buildSettings = {
				ALWAYS_EMBED_SWIFT_STANDARD_LIBRARIES = YES;
				BUNDLE_LOADER = "$(TEST_HOST)";
				INFOPLIST_FILE = "Tip CalculatorTests/Info.plist";
				LD_RUNPATH_SEARCH_PATHS = "$(inherited) @executable_path/Frameworks @loader_path/Frameworks";
				PRODUCT_BUNDLE_IDENTIFIER = "com.codepath.Tip-CalculatorTests";
				PRODUCT_NAME = "$(TARGET_NAME)";
				SWIFT_VERSION = 3.0;
				TEST_HOST = "$(BUILT_PRODUCTS_DIR)/Tip Calculator.app/Tip Calculator";
			};
			name = Debug;
		};
		86DA260E23CFD369003C9A94 /* Release */ = {
			isa = XCBuildConfiguration;
			buildSettings = {
				ALWAYS_EMBED_SWIFT_STANDARD_LIBRARIES = YES;
				BUNDLE_LOADER = "$(TEST_HOST)";
				INFOPLIST_FILE = "Tip CalculatorTests/Info.plist";
				LD_RUNPATH_SEARCH_PATHS = "$(inherited) @executable_path/Frameworks @loader_path/Frameworks";
				PRODUCT_BUNDLE_IDENTIFIER = "com.codepath.Tip-CalculatorTests";
				PRODUCT_NAME = "$(TARGET_NAME)";
				SWIFT_VERSION = 3.0;
				TEST_HOST = "$(BUILT_PRODUCTS_DIR)/Tip Calculator.app/Tip Calculator";
			};
			name = Release;
		};
		86DA261023CFD369003C9A94 /* Debug */ = {
			isa = XCBuildConfiguration;
			buildSettings = {
				ALWAYS_EMBED_SWIFT_STANDARD_LIBRARIES = YES;
				INFOPLIST_FILE = "Tip CalculatorUITests/Info.plist";
				LD_RUNPATH_SEARCH_PATHS = "$(inherited) @executable_path/Frameworks @loader_path/Frameworks";
				PRODUCT_BUNDLE_IDENTIFIER = "com.codepath.Tip-CalculatorUITests";
				PRODUCT_NAME = "$(TARGET_NAME)";
				SWIFT_VERSION = 3.0;
				TEST_TARGET_NAME = "Tip Calculator";
			};
			name = Debug;
		};
		86DA261123CFD369003C9A94 /* Release */ = {
			isa = XCBuildConfiguration;
			buildSettings = {
				ALWAYS_EMBED_SWIFT_STANDARD_LIBRARIES = YES;
				INFOPLIST_FILE = "Tip CalculatorUITests/Info.plist";
				LD_RUNPATH_SEARCH_PATHS = "$(inherited) @executable_path/Frameworks @loader_path/Frameworks";
				PRODUCT_BUNDLE_IDENTIFIER = "com.codepath.Tip-CalculatorUITests";
				PRODUCT_NAME = "$(TARGET_NAME)";
				SWIFT_VERSION = 3.0;
				TEST_TARGET_NAME = "Tip Calculator";
			};
			name = Release;
		};
/* End XCBuildConfiguration section */

/* Begin XCConfigurationList section */
		86DA25DC23CFD368003C9A94 /* Build configuration list for PBXProject "Tip Calculator" */ = {
			isa = XCConfigurationList;
			buildConfigurations = (
				86DA260723CFD369003C9A94 /* Debug */,
				86DA260823CFD369003C9A94 /* Release */,
			);
			defaultConfigurationIsVisible = 0;
			defaultConfigurationName = Release;
		};
		86DA260923CFD369003C9A94 /* Build configuration list for PBXNativeTarget "Tip Calculator" */ = {
			isa = XCConfigurationList;
			buildConfigurations = (
				86DA260A23CFD369003C9A94 /* Debug */,
				86DA260B23CFD369003C9A94 /* Release */,
			);
			defaultConfigurationIsVisible = 0;
		};
		86DA260C23CFD369003C9A94 /* Build configuration list for PBXNativeTarget "Tip CalculatorTests" */ = {
			isa = XCConfigurationList;
			buildConfigurations = (
				86DA260D23CFD369003C9A94 /* Debug */,
				86DA260E23CFD369003C9A94 /* Release */,
			);
			defaultConfigurationIsVisible = 0;
		};
		86DA260F23CFD369003C9A94 /* Build configuration list for PBXNativeTarget "Tip CalculatorUITests" */ = {
			isa = XCConfigurationList;
			buildConfigurations = (
				86DA261023CFD369003C9A94 /* Debug */,
				86DA261123CFD369003C9A94 /* Release */,
			);
			defaultConfigurationIsVisible = 0;
		};
/* End XCConfigurationList section */
	};
	rootObject = 86DA25D923CFD368003C9A94 /* Project object */;
}
